// !$*UTF8*$!
{
	archiveVersion = 1;
	classes = {
	};
	objectVersion = 77;
	objects = {

/* Begin PBXContainerItemProxy section */
		A5A422BD2FA1A9FA006438A2 /* PBXContainerItemProxy */ = {
			isa = PBXContainerItemProxy;
			containerPortal = A5A422A72FA1A9F6006438A2 /* Project object */;
			proxyType = 1;
			remoteGlobalIDString = A5A422AE2FA1A9F6006438A2;
			remoteInfo = "Baseball Positions and Lineup";
		};
		A5A422C72FA1A9FA006438A2 /* PBXContainerItemProxy */ = {
			isa = PBXContainerItemProxy;
			containerPortal = A5A422A72FA1A9F6006438A2 /* Project object */;
			proxyType = 1;
			remoteGlobalIDString = A5A422AE2FA1A9F6006438A2;
			remoteInfo = "Baseball Positions and Lineup";
		};
/* End PBXContainerItemProxy section */

/* Begin PBXFileReference section */
		A5A422AF2FA1A9F6006438A2 /* Lineup Changer.app */ = {isa = PBXFileReference; explicitFileType = wrapper.application; includeInIndex = 0; path = "Lineup Changer.app"; sourceTree = BUILT_PRODUCTS_DIR; };
		A5A422BC2FA1A9FA006438A2 /* Lineup ChangerTests.xctest */ = {isa = PBXFileReference; explicitFileType = wrapper.cfbundle; includeInIndex = 0; path = "Lineup ChangerTests.xctest"; sourceTree = BUILT_PRODUCTS_DIR; };
		A5A422C62FA1A9FA006438A2 /* Lineup ChangerUITests.xctest */ = {isa = PBXFileReference; explicitFileType = wrapper.cfbundle; includeInIndex = 0; path = "Lineup ChangerUITests.xctest"; sourceTree = BUILT_PRODUCTS_DIR; };
/* End PBXFileReference section */

/* Begin PBXFileSystemSynchronizedRootGroup section */
		A5A422B12FA1A9F6006438A2 /* Lineup Changer */ = {
			isa = PBXFileSystemSynchronizedRootGroup;
			path = "Lineup Changer";
			sourceTree = "<group>";
		};
		A5A422BF2FA1A9FA006438A2 /* Lineup ChangerTests */ = {
			isa = PBXFileSystemSynchronizedRootGroup;
			path = "Lineup ChangerTests";
			sourceTree = "<group>";
		};
		A5A422C92FA1A9FA006438A2 /* Lineup_ChangerUITests */ = {
			isa = PBXFileSystemSynchronizedRootGroup;
			path = Lineup_ChangerUITests;
			sourceTree = "<group>";
		};
/* End PBXFileSystemSynchronizedRootGroup section */

/* Begin PBXFrameworksBuildPhase section */
		A5A422AC2FA1A9F6006438A2 /* Frameworks */ = {
			isa = PBXFrameworksBuildPhase;
			buildActionMask = 2147483647;
			files = (
			);
			runOnlyForDeploymentPostprocessing = 0;
		};
		A5A422B92FA1A9FA006438A2 /* Frameworks */ = {
			isa = PBXFrameworksBuildPhase;
			buildActionMask = 2147483647;
			files = (
			);
			runOnlyForDeploymentPostprocessing = 0;
		};
		A5A422C32FA1A9FA006438A2 /* Frameworks */ = {
			isa = PBXFrameworksBuildPhase;
			buildActionMask = 2147483647;
			files = (
			);
			runOnlyForDeploymentPostprocessing = 0;
		};
/* End PBXFrameworksBuildPhase section */

/* Begin PBXGroup section */
		A5A422A62FA1A9F6006438A2 = {
			isa = PBXGroup;
			children = (
				A5A422B12FA1A9F6006438A2 /* Lineup Changer */,
				A5A422BF2FA1A9FA006438A2 /* Lineup ChangerTests */,
				A5A422C92FA1A9FA006438A2 /* Lineup_ChangerUITests */,
				A5A422B02FA1A9F6006438A2 /* Products */,
			);
			sourceTree = "<group>";
		};
		A5A422B02FA1A9F6006438A2 /* Products */ = {
			isa = PBXGroup;
			children = (
				A5A422AF2FA1A9F6006438A2 /* Lineup Changer.app */,
				A5A422BC2FA1A9FA006438A2 /* Lineup ChangerTests.xctest */,
				A5A422C62FA1A9FA006438A2 /* Lineup ChangerUITests.xctest */,
			);
			name = Products;
			sourceTree = "<group>";
		};
/* End PBXGroup section */

/* Begin PBXNativeTarget section */
		A5A422AE2FA1A9F6006438A2 /* Lineup Changer */ = {
			isa = PBXNativeTarget;
			buildConfigurationList = A5A422D02FA1A9FA006438A2 /* Build configuration list for PBXNativeTarget "Lineup Changer" */;
			buildPhases = (
				A5A422AB2FA1A9F6006438A2 /* Sources */,
				A5A422AC2FA1A9F6006438A2 /* Frameworks */,
				A5A422AD2FA1A9F6006438A2 /* Resources */,
			);
			buildRules = (
			);
			dependencies = (
			);
			fileSystemSynchronizedGroups = (
				A5A422B12FA1A9F6006438A2 /* Lineup Changer */,
			);
			name = "Lineup Changer";
			packageProductDependencies = (
			);
			productName = "Baseball Positions and Lineup";
			productReference = A5A422AF2FA1A9F6006438A2 /* Lineup Changer.app */;
			productType = "com.apple.product-type.application";
		};
		A5A422BB2FA1A9FA006438A2 /* Lineup ChangerTests */ = {
			isa = PBXNativeTarget;
			buildConfigurationList = A5A422D32FA1A9FA006438A2 /* Build configuration list for PBXNativeTarget "Lineup ChangerTests" */;
			buildPhases = (
				A5A422B82FA1A9FA006438A2 /* Sources */,
				A5A422B92FA1A9FA006438A2 /* Frameworks */,
				A5A422BA2FA1A9FA006438A2 /* Resources */,
			);
			buildRules = (
			);
			dependencies = (
				A5A422BE2FA1A9FA006438A2 /* PBXTargetDependency */,
			);
			fileSystemSynchronizedGroups = (
				A5A422BF2FA1A9FA006438A2 /* Lineup ChangerTests */,
			);
			name = "Lineup ChangerTests";
			packageProductDependencies = (
			);
			productName = "Baseball Positions and LineupTests";
			productReference = A5A422BC2FA1A9FA006438A2 /* Lineup ChangerTests.xctest */;
			productType = "com.apple.product-type.bundle.unit-test";
		};
		A5A422C52FA1A9FA006438A2 /* Lineup ChangerUITests */ = {
			isa = PBXNativeTarget;
			buildConfigurationList = A5A422D62FA1A9FA006438A2 /* Build configuration list for PBXNativeTarget "Lineup ChangerUITests" */;
			buildPhases = (
				A5A422C22FA1A9FA006438A2 /* Sources */,
				A5A422C32FA1A9FA006438A2 /* Frameworks */,
				A5A422C42FA1A9FA006438A2 /* Resources */,
			);
			buildRules = (
			);
			dependencies = (
				A5A422C82FA1A9FA006438A2 /* PBXTargetDependency */,
			);
			fileSystemSynchronizedGroups = (
				A5A422C92FA1A9FA006438A2 /* Lineup_ChangerUITests */,
			);
			name = "Lineup ChangerUITests";
			packageProductDependencies = (
			);
			productName = "Baseball Positions and LineupUITests";
			productReference = A5A422C62FA1A9FA006438A2 /* Lineup ChangerUITests.xctest */;
			productType = "com.apple.product-type.bundle.ui-testing";
		};
/* End PBXNativeTarget section */

/* Begin PBXProject section */
		A5A422A72FA1A9F6006438A2 /* Project object */ = {
			isa = PBXProject;
			attributes = {
				BuildIndependentTargetsInParallel = 1;
				LastSwiftUpdateCheck = 2640;
				LastUpgradeCheck = 2640;
				TargetAttributes = {
					A5A422AE2FA1A9F6006438A2 = {
						CreatedOnToolsVersion = 26.4.1;
					};
					A5A422BB2FA1A9FA006438A2 = {
						CreatedOnToolsVersion = 26.4.1;
						TestTargetID = A5A422AE2FA1A9F6006438A2;
					};
					A5A422C52FA1A9FA006438A2 = {
						CreatedOnToolsVersion = 26.4.1;
						TestTargetID = A5A422AE2FA1A9F6006438A2;
					};
				};
			};
			buildConfigurationList = A5A422AA2FA1A9F6006438A2 /* Build configuration list for PBXProject "Lineup Changer" */;
			developmentRegion = en;
			hasScannedForEncodings = 0;
			knownRegions = (
				en,
				Base,
			);
			mainGroup = A5A422A62FA1A9F6006438A2;
			minimizedProjectReferenceProxies = 1;
			preferredProjectObjectVersion = 77;
			productRefGroup = A5A422B02FA1A9F6006438A2 /* Products */;
			projectDirPath = "";
			projectRoot = "";
			targets = (
				A5A422AE2FA1A9F6006438A2 /* Lineup Changer */,
				A5A422BB2FA1A9FA006438A2 /* Lineup ChangerTests */,
				A5A422C52FA1A9FA006438A2 /* Lineup ChangerUITests */,
			);
		};
/* End PBXProject section */

/* Begin PBXResourcesBuildPhase section */
		A5A422AD2FA1A9F6006438A2 /* Resources */ = {
			isa = PBXResourcesBuildPhase;
			buildActionMask = 2147483647;
			files = (
			);
			runOnlyForDeploymentPostprocessing = 0;
		};
		A5A422BA2FA1A9FA006438A2 /* Resources */ = {
			isa = PBXResourcesBuildPhase;
			buildActionMask = 2147483647;
			files = (
			);
			runOnlyForDeploymentPostprocessing = 0;
		};
		A5A422C42FA1A9FA006438A2 /* Resources */ = {
			isa = PBXResourcesBuildPhase;
			buildActionMask = 2147483647;
			files = (
			);
			runOnlyForDeploymentPostprocessing = 0;
		};
/* End PBXResourcesBuildPhase section */

/* Begin PBXSourcesBuildPhase section */
		A5A422AB2FA1A9F6006438A2 /* Sources */ = {
			isa = PBXSourcesBuildPhase;
			buildActionMask = 2147483647;
			files = (
			);
			runOnlyForDeploymentPostprocessing = 0;
		};
		A5A422B82FA1A9FA006438A2 /* Sources */ = {
			isa = PBXSourcesBuildPhase;
			buildActionMask = 2147483647;
			files = (
			);
			runOnlyForDeploymentPostprocessing = 0;
		};
		A5A422C22FA1A9FA006438A2 /* Sources */ = {
			isa = PBXSourcesBuildPhase;
			buildActionMask = 2147483647;
			files = (
			);
			runOnlyForDeploymentPostprocessing = 0;
		};
/* End PBXSourcesBuildPhase section */

/* Begin PBXTargetDependency section */
		A5A422BE2FA1A9FA006438A2 /* PBXTargetDependency */ = {
			isa = PBXTargetDependency;
			target = A5A422AE2FA1A9F6006438A2 /* Lineup Changer */;
			targetProxy = A5A422BD2FA1A9FA006438A2 /* PBXContainerItemProxy */;
		};
		A5A422C82FA1A9FA006438A2 /* PBXTargetDependency */ = {
			isa = PBXTargetDependency;
			target = A5A422AE2FA1A9F6006438A2 /* Lineup Changer */;
			targetProxy = A5A422C72FA1A9FA006438A2 /* PBXContainerItemProxy */;
		};
/* End PBXTargetDependency section */

/* Begin XCBuildConfiguration section */
		A5A422CE2FA1A9FA006438A2 /* Debug */ = {
			isa = XCBuildConfiguration;
			buildSettings = {
				ALWAYS_SEARCH_USER_PATHS = NO;
				ASSETCATALOG_COMPILER_GENERATE_SWIFT_ASSET_SYMBOL_EXTENSIONS = YES;
				CLANG_ANALYZER_NONNULL = YES;
				CLANG_ANALYZER_NUMBER_OBJECT_CONVERSION = YES_AGGRESSIVE;
				CLANG_CXX_LANGUAGE_STANDARD = "gnu++20";
				CLANG_ENABLE_MODULES = YES;
				CLANG_ENABLE_OBJC_ARC = YES;
				CLANG_ENABLE_OBJC_WEAK = YES;
				CLANG_WARN_BLOCK_CAPTURE_AUTORELEASING = YES;
				CLANG_WARN_BOOL_CONVERSION = YES;
				CLANG_WARN_COMMA = YES;
				CLANG_WARN_CONSTANT_CONVERSION = YES;
				CLANG_WARN_DEPRECATED_OBJC_IMPLEMENTATIONS = YES;
				CLANG_WARN_DIRECT_OBJC_ISA_USAGE = YES_ERROR;
				CLANG_WARN_DOCUMENTATION_COMMENTS = YES;
				CLANG_WARN_EMPTY_BODY = YES;
				CLANG_WARN_ENUM_CONVERSION = YES;
				CLANG_WARN_INFINITE_RECURSION = YES;
				CLANG_WARN_INT_CONVERSION = YES;
				CLANG_WARN_NON_LITERAL_NULL_CONVERSION = YES;
				CLANG_WARN_OBJC_IMPLICIT_RETAIN_SELF = YES;
				CLANG_WARN_OBJC_LITERAL_CONVERSION = YES;
				CLANG_WARN_OBJC_ROOT_CLASS = YES_ERROR;
				CLANG_WARN_QUOTED_INCLUDE_IN_FRAMEWORK_HEADER = YES;
				CLANG_WARN_RANGE_LOOP_ANALYSIS = YES;
				CLANG_WARN_STRICT_PROTOTYPES = YES;
				CLANG_WARN_SUSPICIOUS_MOVE = YES;
				CLANG_WARN_UNGUARDED_AVAILABILITY = YES_AGGRESSIVE;
				CLANG_WARN_UNREACHABLE_CODE = YES;
				CLANG_WARN__DUPLICATE_METHOD_MATCH = YES;
				COPY_PHASE_STRIP = NO;
				DEBUG_INFORMATION_FORMAT = dwarf;
				ENABLE_STRICT_OBJC_MSGSEND = YES;
				ENABLE_TESTABILITY = YES;
				ENABLE_USER_SCRIPT_SANDBOXING = YES;
				GCC_C_LANGUAGE_STANDARD = gnu17;
				GCC_DYNAMIC_NO_PIC = NO;
				GCC_NO_COMMON_BLOCKS = YES;
				GCC_OPTIMIZATION_LEVEL = 0;
				GCC_PREPROCESSOR_DEFINITIONS = (
					"DEBUG=1",
					"$(inherited)",
				);
				GCC_WARN_64_TO_32_BIT_CONVERSION = YES;
				GCC_WARN_ABOUT_RETURN_TYPE = YES_ERROR;
				GCC_WARN_UNDECLARED_SELECTOR = YES;
				GCC_WARN_UNINITIALIZED_AUTOS = YES_AGGRESSIVE;
				GCC_WARN_UNUSED_FUNCTION = YES;
				GCC_WARN_UNUSED_VARIABLE = YES;
				IPHONEOS_DEPLOYMENT_TARGET = 26.4;
				LOCALIZATION_PREFERS_STRING_CATALOGS = YES;
				MTL_ENABLE_DEBUG_INFO = INCLUDE_SOURCE;
				MTL_FAST_MATH = YES;
				ONLY_ACTIVE_ARCH = YES;
				SDKROOT = iphoneos;
				SWIFT_ACTIVE_COMPILATION_CONDITIONS = "DEBUG $(inherited)";
				SWIFT_OPTIMIZATION_LEVEL = "-Onone";
			};
			name = Debug;
		};
		A5A422CF2FA1A9FA006438A2 /* Release */ = {
			isa = XCBuildConfiguration;
			buildSettings = {
				ALWAYS_SEARCH_USER_PATHS = NO;
				ASSETCATALOG_COMPILER_GENERATE_SWIFT_ASSET_SYMBOL_EXTENSIONS = YES;
				CLANG_ANALYZER_NONNULL = YES;
				CLANG_ANALYZER_NUMBER_OBJECT_CONVERSION = YES_AGGRESSIVE;
				CLANG_CXX_LANGUAGE_STANDARD = "gnu++20";
				CLANG_ENABLE_MODULES = YES;
				CLANG_ENABLE_OBJC_ARC = YES;
				CLANG_ENABLE_OBJC_WEAK = YES;
				CLANG_WARN_BLOCK_CAPTURE_AUTORELEASING = YES;
				CLANG_WARN_BOOL_CONVERSION = YES;
				CLANG_WARN_COMMA = YES;
				CLANG_WARN_CONSTANT_CONVERSION = YES;
				CLANG_WARN_DEPRECATED_OBJC_IMPLEMENTATIONS = YES;
				CLANG_WARN_DIRECT_OBJC_ISA_USAGE = YES_ERROR;
				CLANG_WARN_DOCUMENTATION_COMMENTS = YES;
				CLANG_WARN_EMPTY_BODY = YES;
				CLANG_WARN_ENUM_CONVERSION = YES;
				CLANG_WARN_INFINITE_RECURSION = YES;
				CLANG_WARN_INT_CONVERSION = YES;
				CLANG_WARN_NON_LITERAL_NULL_CONVERSION = YES;
				CLANG_WARN_OBJC_IMPLICIT_RETAIN_SELF = YES;
				CLANG_WARN_OBJC_LITERAL_CONVERSION = YES;
				CLANG_WARN_OBJC_ROOT_CLASS = YES_ERROR;
				CLANG_WARN_QUOTED_INCLUDE_IN_FRAMEWORK_HEADER = YES;
				CLANG_WARN_RANGE_LOOP_ANALYSIS = YES;
				CLANG_WARN_STRICT_PROTOTYPES = YES;
				CLANG_WARN_SUSPICIOUS_MOVE = YES;
				CLANG_WARN_UNGUARDED_AVAILABILITY = YES_AGGRESSIVE;
				CLANG_WARN_UNREACHABLE_CODE = YES;
				CLANG_WARN__DUPLICATE_METHOD_MATCH = YES;
				COPY_PHASE_STRIP = NO;
				DEBUG_INFORMATION_FORMAT = "dwarf-with-dsym";
				ENABLE_NS_ASSERTIONS = NO;
				ENABLE_STRICT_OBJC_MSGSEND = YES;
				ENABLE_USER_SCRIPT_SANDBOXING = YES;
				GCC_C_LANGUAGE_STANDARD = gnu17;
				GCC_NO_COMMON_BLOCKS = YES;
				GCC_WARN_64_TO_32_BIT_CONVERSION = YES;
				GCC_WARN_ABOUT_RETURN_TYPE = YES_ERROR;
				GCC_WARN_UNDECLARED_SELECTOR = YES;
				GCC_WARN_UNINITIALIZED_AUTOS = YES_AGGRESSIVE;
				GCC_WARN_UNUSED_FUNCTION = YES;
				GCC_WARN_UNUSED_VARIABLE = YES;
				IPHONEOS_DEPLOYMENT_TARGET = 26.4;
				LOCALIZATION_PREFERS_STRING_CATALOGS = YES;
				MTL_ENABLE_DEBUG_INFO = NO;
				MTL_FAST_MATH = YES;
				SDKROOT = iphoneos;
				SWIFT_COMPILATION_MODE = wholemodule;
				VALIDATE_PRODUCT = YES;
			};
			name = Release;
		};
		A5A422D12FA1A9FA006438A2 /* Debug */ = {
			isa = XCBuildConfiguration;
			buildSettings = {
				ASSETCATALOG_COMPILER_APPICON_NAME = AppIcon;
				ASSETCATALOG_COMPILER_GLOBAL_ACCENT_COLOR_NAME = AccentColor;
				CODE_SIGN_STYLE = Automatic;
				CURRENT_PROJECT_VERSION = 1;
				DEVELOPMENT_TEAM = BCRTJ69L93;
				ENABLE_PREVIEWS = YES;
				GENERATE_INFOPLIST_FILE = YES;
				INFOPLIST_FILE = "Lineup Changer.plist";
				INFOPLIST_KEY_CFBundleDisplayName = "Lineup Changer";
				INFOPLIST_KEY_LSApplicationCategoryType = "public.app-category.sports";
				INFOPLIST_KEY_UIApplicationSceneManifest_Generation = YES;
				INFOPLIST_KEY_UIApplicationSupportsIndirectInputEvents = YES;
				INFOPLIST_KEY_UISupportedInterfaceOrientations_iPad = "UIInterfaceOrientationPortrait UIInterfaceOrientationPortraitUpsideDown UIInterfaceOrientationLandscapeLeft UIInterfaceOrientationLandscapeRight";
				INFOPLIST_KEY_UISupportedInterfaceOrientations_iPhone = "UIInterfaceOrientationPortrait UIInterfaceOrientationLandscapeLeft UIInterfaceOrientationLandscapeRight";
				IPHONEOS_DEPLOYMENT_TARGET = 18.6;
				LD_RUNPATH_SEARCH_PATHS = (
					"$(inherited)",
					"@executable_path/Frameworks",
				);
				MARKETING_VERSION = 2.0.01;
				PRODUCT_BUNDLE_IDENTIFIER = com.rmj.coachai;
				PRODUCT_NAME = "$(TARGET_NAME)";
				STRING_CATALOG_GENERATE_SYMBOLS = YES;
				SWIFT_APPROACHABLE_CONCURRENCY = YES;
				SWIFT_DEFAULT_ACTOR_ISOLATION = MainActor;
				SWIFT_EMIT_LOC_STRINGS = YES;
				SWIFT_UPCOMING_FEATURE_MEMBER_IMPORT_VISIBILITY = YES;
				SWIFT_VERSION = 5.0;
				TARGETED_DEVICE_FAMILY = "1,2";
			};
			name = Debug;
		};
		A5A422D22FA1A9FA006438A2 /* Release */ = {
			isa = XCBuildConfiguration;
			buildSettings = {
				ASSETCATALOG_COMPILER_APPICON_NAME = AppIcon;
				ASSETCATALOG_COMPILER_GLOBAL_ACCENT_COLOR_NAME = AccentColor;
				CODE_SIGN_STYLE = Automatic;
				CURRENT_PROJECT_VERSION = 1;
				DEVELOPMENT_TEAM = BCRTJ69L93;
				ENABLE_PREVIEWS = YES;
				GENERATE_INFOPLIST_FILE = YES;
				INFOPLIST_FILE = "Lineup Changer.plist";
				INFOPLIST_KEY_CFBundleDisplayName = "Lineup Changer";
				INFOPLIST_KEY_LSApplicationCategoryType = "public.app-category.sports";
				INFOPLIST_KEY_UIApplicationSceneManifest_Generation = YES;
				INFOPLIST_KEY_UIApplicationSupportsIndirectInputEvents = YES;
				INFOPLIST_KEY_UISupportedInterfaceOrientations_iPad = "UIInterfaceOrientationPortrait UIInterfaceOrientationPortraitUpsideDown UIInterfaceOrientationLandscapeLeft UIInterfaceOrientationLandscapeRight";
				INFOPLIST_KEY_UISupportedInterfaceOrientations_iPhone = "UIInterfaceOrientationPortrait UIInterfaceOrientationLandscapeLeft UIInterfaceOrientationLandscapeRight";
				IPHONEOS_DEPLOYMENT_TARGET = 18.6;
				LD_RUNPATH_SEARCH_PATHS = (
					"$(inherited)",
					"@executable_path/Frameworks",
				);
				MARKETING_VERSION = 2.0.01;
				PRODUCT_BUNDLE_IDENTIFIER = com.rmj.coachai;
				PRODUCT_NAME = "$(TARGET_NAME)";
				STRING_CATALOG_GENERATE_SYMBOLS = YES;
				SWIFT_APPROACHABLE_CONCURRENCY = YES;
				SWIFT_DEFAULT_ACTOR_ISOLATION = MainActor;
				SWIFT_EMIT_LOC_STRINGS = YES;
				SWIFT_UPCOMING_FEATURE_MEMBER_IMPORT_VISIBILITY = YES;
				SWIFT_VERSION = 5.0;
				TARGETED_DEVICE_FAMILY = "1,2";
			};
			name = Release;
		};
		A5A422D42FA1A9FA006438A2 /* Debug */ = {
			isa = XCBuildConfiguration;
			buildSettings = {
				BUNDLE_LOADER = "$(TEST_HOST)";
				CODE_SIGN_STYLE = Automatic;
				CURRENT_PROJECT_VERSION = 1;
				GENERATE_INFOPLIST_FILE = YES;
				IPHONEOS_DEPLOYMENT_TARGET = 26.4;
				MARKETING_VERSION = 1.0;
				PRODUCT_BUNDLE_IDENTIFIER = "Test.Baseball-Positions-and-LineupTests";
				PRODUCT_NAME = "$(TARGET_NAME)";
				STRING_CATALOG_GENERATE_SYMBOLS = NO;
				SWIFT_APPROACHABLE_CONCURRENCY = YES;
				SWIFT_EMIT_LOC_STRINGS = NO;
				SWIFT_UPCOMING_FEATURE_MEMBER_IMPORT_VISIBILITY = YES;
				SWIFT_VERSION = 5.0;
				TARGETED_DEVICE_FAMILY = "1,2";
				TEST_HOST = "$(BUILT_PRODUCTS_DIR)/Lineup Changer.app/$(BUNDLE_EXECUTABLE_FOLDER_PATH)/Lineup Changer";
			};
			name = Debug;
		};
		A5A422D52FA1A9FA006438A2 /* Release */ = {
			isa = XCBuildConfiguration;
			buildSettings = {
				BUNDLE_LOADER = "$(TEST_HOST)";
				CODE_SIGN_STYLE = Automatic;
				CURRENT_PROJECT_VERSION = 1;
				GENERATE_INFOPLIST_FILE = YES;
				IPHONEOS_DEPLOYMENT_TARGET = 26.4;
				MARKETING_VERSION = 1.0;
				PRODUCT_BUNDLE_IDENTIFIER = "Test.Baseball-Positions-and-LineupTests";
				PRODUCT_NAME = "$(TARGET_NAME)";
				STRING_CATALOG_GENERATE_SYMBOLS = NO;
				SWIFT_APPROACHABLE_CONCURRENCY = YES;
				SWIFT_EMIT_LOC_STRINGS = NO;
				SWIFT_UPCOMING_FEATURE_MEMBER_IMPORT_VISIBILITY = YES;
				SWIFT_VERSION = 5.0;
				TARGETED_DEVICE_FAMILY = "1,2";
				TEST_HOST = "$(BUILT_PRODUCTS_DIR)/Lineup Changer.app/$(BUNDLE_EXECUTABLE_FOLDER_PATH)/Lineup Changer";
			};
			name = Release;
		};
		A5A422D72FA1A9FA006438A2 /* Debug */ = {
			isa = XCBuildConfiguration;
			buildSettings = {
				CODE_SIGN_STYLE = Automatic;
				CURRENT_PROJECT_VERSION = 1;
				GENERATE_INFOPLIST_FILE = YES;
				MARKETING_VERSION = 1.0;
				PRODUCT_BUNDLE_IDENTIFIER = "Test.Baseball-Positions-and-LineupUITests";
				PRODUCT_NAME = "$(TARGET_NAME)";
				STRING_CATALOG_GENERATE_SYMBOLS = NO;
				SWIFT_APPROACHABLE_CONCURRENCY = YES;
				SWIFT_EMIT_LOC_STRINGS = NO;
				SWIFT_UPCOMING_FEATURE_MEMBER_IMPORT_VISIBILITY = YES;
				SWIFT_VERSION = 5.0;
				TARGETED_DEVICE_FAMILY = "1,2";
				TEST_TARGET_NAME = "Baseball Positions and Lineup";
			};
			name = Debug;
		};
		A5A422D82FA1A9FA006438A2 /* Release */ = {
			isa = XCBuildConfiguration;
			buildSettings = {
				CODE_SIGN_STYLE = Automatic;
				CURRENT_PROJECT_VERSION = 1;
				GENERATE_INFOPLIST_FILE = YES;
				MARKETING_VERSION = 1.0;
				PRODUCT_BUNDLE_IDENTIFIER = "Test.Baseball-Positions-and-LineupUITests";
				PRODUCT_NAME = "$(TARGET_NAME)";
				STRING_CATALOG_GENERATE_SYMBOLS = NO;
				SWIFT_APPROACHABLE_CONCURRENCY = YES;
				SWIFT_EMIT_LOC_STRINGS = NO;
				SWIFT_UPCOMING_FEATURE_MEMBER_IMPORT_VISIBILITY = YES;
				SWIFT_VERSION = 5.0;
				TARGETED_DEVICE_FAMILY = "1,2";
				TEST_TARGET_NAME = "Baseball Positions and Lineup";
			};
			name = Release;
		};
/* End XCBuildConfiguration section */

/* Begin XCConfigurationList section */
		A5A422AA2FA1A9F6006438A2 /* Build configuration list for PBXProject "Lineup Changer" */ = {
			isa = XCConfigurationList;
			buildConfigurations = (
				A5A422CE2FA1A9FA006438A2 /* Debug */,
				A5A422CF2FA1A9FA006438A2 /* Release */,
			);
			defaultConfigurationIsVisible = 0;
			defaultConfigurationName = Release;
		};
		A5A422D02FA1A9FA006438A2 /* Build configuration list for PBXNativeTarget "Lineup Changer" */ = {
			isa = XCConfigurationList;
			buildConfigurations = (
				A5A422D12FA1A9FA006438A2 /* Debug */,
				A5A422D22FA1A9FA006438A2 /* Release */,
			);
			defaultConfigurationIsVisible = 0;
			defaultConfigurationName = Release;
		};
		A5A422D32FA1A9FA006438A2 /* Build configuration list for PBXNativeTarget "Lineup ChangerTests" */ = {
			isa = XCConfigurationList;
			buildConfigurations = (
				A5A422D42FA1A9FA006438A2 /* Debug */,
				A5A422D52FA1A9FA006438A2 /* Release */,
			);
			defaultConfigurationIsVisible = 0;
			defaultConfigurationName = Release;
		};
		A5A422D62FA1A9FA006438A2 /* Build configuration list for PBXNativeTarget "Lineup ChangerUITests" */ = {
			isa = XCConfigurationList;
			buildConfigurations = (
				A5A422D72FA1A9FA006438A2 /* Debug */,
				A5A422D82FA1A9FA006438A2 /* Release */,
			);
			defaultConfigurationIsVisible = 0;
			defaultConfigurationName = Release;
		};
/* End XCConfigurationList section */
	};
	rootObject = A5A422A72FA1A9F6006438A2 /* Project object */;
}
